GEM
  remote: https://rubygems.org/
  specs:
    byebug (8.0.0)
    coderay (1.1.0)
    httparty (0.13.7)
      json (~> 1.8)
      multi_xml (>= 0.5.2)
    json (1.8.3)
    method_source (0.8.2)
    multi_xml (0.5.5)
    org-ruby (0.9.12)
      rubypants (~> 0.2)
    pry (0.10.3)
      coderay (~> 1.1.0)
      method_source (~> 0.8.1)
      slop (~> 3.4)
    pry-byebug (3.3.0)
      byebug (~> 8.0)
      pry (~> 0.10)
    rubypants (0.2.0)
    slop (3.6.0)

PLATFORMS
  ruby

DEPENDENCIES
  byebug
  httparty
  json
  org-ruby
  pry
  pry-byebug

BUNDLED WITH
   1.10.6
